{
  "name": "create-md",
  "version": "0.1.0",
  "lockfileVersion": 1,
  "requires": true,
  "dependencies": {
    "chatito": {
      "version": "2.1.5",
      "resolved": "https://registry.npmjs.org/chatito/-/chatito-2.1.5.tgz",
      "integrity": "sha512-ETXw/5GLU8qhf8Jf/3LrTVJ8ud+PU8nW6+TG+b7ql4049zTVa2vstS/MCSuE46tszeYPfQx76vaVNriuAujQqw==",
      "requires": {
        "minimist": "^1.2.0"
      }
    },
    "minimist": {
      "version": "1.2.3",
      "resolved": "http://registry.npmjs.org/minimist/-/minimist-1.2.3.tgz",
      "integrity": "sha512-+bMdgqjMN/Z77a6NlY/I3U5LlRDbnmaAk6lDveAPKwSpcPM4tKAuYsvYF8xjhOPXhOYGe/73vVLVez5PW+jqhw=="
    }
  }
}
